// !$*UTF8*$!
{
	archiveVersion = 1;
	classes = {
	};
	objectVersion = 46;
	objects = {

/* Begin PBXBuildFile section */
		63F2E7741EF412240005CA05 /* main.m in Sources */ = {isa = PBXBuildFile; fileRef = 63F2E7731EF412240005CA05 /* main.m */; };
		63F2E7771EF412240005CA05 /* AppDelegate.m in Sources */ = {isa = PBXBuildFile; fileRef = 63F2E7761EF412240005CA05 /* AppDelegate.m */; };
		63F2E77A1EF412240005CA05 /* ViewController.m in Sources */ = {isa = PBXBuildFile; fileRef = 63F2E7791EF412240005CA05 /* ViewController.m */; };
		63F2E77D1EF412240005CA05 /* Main.storyboard in Resources */ = {isa = PBXBuildFile; fileRef = 63F2E77B1EF412240005CA05 /* Main.storyboard */; };
		63F2E77F1EF412240005CA05 /* Assets.xcassets in Resources */ = {isa = PBXBuildFile; fileRef = 63F2E77E1EF412240005CA05 /* Assets.xcassets */; };
		63F2E7821EF412240005CA05 /* LaunchScreen.storyboard in Resources */ = {isa = PBXBuildFile; fileRef = 63F2E7801EF412240005CA05 /* LaunchScreen.storyboard */; };
		63F2E78B1EF412520005CA05 /* CoreMotion.framework in Frameworks */ = {isa = PBXBuildFile; fileRef = 63F2E78A1EF412520005CA05 /* CoreMotion.framework */; };
		63F2E78D1EF412650005CA05 /* CoreGraphics.framework in Frameworks */ = {isa = PBXBuildFile; fileRef = 63F2E78C1EF412650005CA05 /* CoreGraphics.framework */; };
		63F2E78F1EF4127D0005CA05 /* UIKit.framework in Frameworks */ = {isa = PBXBuildFile; fileRef = 63F2E78E1EF4127D0005CA05 /* UIKit.framework */; };
		63F2E7911EF412A00005CA05 /* Foundation.framework in Frameworks */ = {isa = PBXBuildFile; fileRef = 63F2E7901EF412A00005CA05 /* Foundation.framework */; };
		63F2E79A1EF413B90005CA05 /* background.png in Resources */ = {isa = PBXBuildFile; fileRef = 63F2E7951EF413B90005CA05 /* background.png */; };
		63F2E79B1EF413B90005CA05 /* boat.png in Resources */ = {isa = PBXBuildFile; fileRef = 63F2E7961EF413B90005CA05 /* boat.png */; };
		63F2E79C1EF413B90005CA05 /* parachutist.png in Resources */ = {isa = PBXBuildFile; fileRef = 63F2E7971EF413B90005CA05 /* parachutist.png */; };
		63F2E79D1EF413B90005CA05 /* plane.png in Resources */ = {isa = PBXBuildFile; fileRef = 63F2E7981EF413B90005CA05 /* plane.png */; };
		63F2E79E1EF413B90005CA05 /* sea.png in Resources */ = {isa = PBXBuildFile; fileRef = 63F2E7991EF413B90005CA05 /* sea.png */; };
		63F2E7A91EF41E4B0005CA05 /* ParatrooperView.m in Sources */ = {isa = PBXBuildFile; fileRef = 63F2E7A81EF41E4B0005CA05 /* ParatrooperView.m */; };
		63F2E7AC1EF421800005CA05 /* BoatView.m in Sources */ = {isa = PBXBuildFile; fileRef = 63F2E7AB1EF421800005CA05 /* BoatView.m */; };
		63F2E7AF1EF4253E0005CA05 /* View.m in Sources */ = {isa = PBXBuildFile; fileRef = 63F2E7AE1EF4253E0005CA05 /* View.m */; };
		63F2E7B21EF536EB0005CA05 /* PlaneView.m in Sources */ = {isa = PBXBuildFile; fileRef = 63F2E7B11EF536EB0005CA05 /* PlaneView.m */; };
/* End PBXBuildFile section */

/* Begin PBXFileReference section */
		63F2E76F1EF412240005CA05 /* Paratrooper.app */ = {isa = PBXFileReference; explicitFileType = wrapper.application; includeInIndex = 0; path = Paratrooper.app; sourceTree = BUILT_PRODUCTS_DIR; };
		63F2E7731EF412240005CA05 /* main.m */ = {isa = PBXFileReference; lastKnownFileType = sourcecode.c.objc; path = main.m; sourceTree = "<group>"; };
		63F2E7751EF412240005CA05 /* AppDelegate.h */ = {isa = PBXFileReference; lastKnownFileType = sourcecode.c.h; path = AppDelegate.h; sourceTree = "<group>"; };
		63F2E7761EF412240005CA05 /* AppDelegate.m */ = {isa = PBXFileReference; lastKnownFileType = sourcecode.c.objc; path = AppDelegate.m; sourceTree = "<group>"; };
		63F2E7781EF412240005CA05 /* ViewController.h */ = {isa = PBXFileReference; lastKnownFileType = sourcecode.c.h; path = ViewController.h; sourceTree = "<group>"; };
		63F2E7791EF412240005CA05 /* ViewController.m */ = {isa = PBXFileReference; lastKnownFileType = sourcecode.c.objc; path = ViewController.m; sourceTree = "<group>"; };
		63F2E77C1EF412240005CA05 /* Base */ = {isa = PBXFileReference; lastKnownFileType = file.storyboard; name = Base; path = Base.lproj/Main.storyboard; sourceTree = "<group>"; };
		63F2E77E1EF412240005CA05 /* Assets.xcassets */ = {isa = PBXFileReference; lastKnownFileType = folder.assetcatalog; path = Assets.xcassets; sourceTree = "<group>"; };
		63F2E7811EF412240005CA05 /* Base */ = {isa = PBXFileReference; lastKnownFileType = file.storyboard; name = Base; path = Base.lproj/LaunchScreen.storyboard; sourceTree = "<group>"; };
		63F2E7831EF412240005CA05 /* Info.plist */ = {isa = PBXFileReference; lastKnownFileType = text.plist.xml; path = Info.plist; sourceTree = "<group>"; };
		63F2E78A1EF412520005CA05 /* CoreMotion.framework */ = {isa = PBXFileReference; lastKnownFileType = wrapper.framework; name = CoreMotion.framework; path = System/Library/Frameworks/CoreMotion.framework; sourceTree = SDKROOT; };
		63F2E78C1EF412650005CA05 /* CoreGraphics.framework */ = {isa = PBXFileReference; lastKnownFileType = wrapper.framework; name = CoreGraphics.framework; path = System/Library/Frameworks/CoreGraphics.framework; sourceTree = SDKROOT; };
		63F2E78E1EF4127D0005CA05 /* UIKit.framework */ = {isa = PBXFileReference; lastKnownFileType = wrapper.framework; name = UIKit.framework; path = System/Library/Frameworks/UIKit.framework; sourceTree = SDKROOT; };
		63F2E7901EF412A00005CA05 /* Foundation.framework */ = {isa = PBXFileReference; lastKnownFileType = wrapper.framework; name = Foundation.framework; path = System/Library/Frameworks/Foundation.framework; sourceTree = SDKROOT; };
		63F2E7921EF412B20005CA05 /* QuartzCore.framework */ = {isa = PBXFileReference; lastKnownFileType = wrapper.framework; name = QuartzCore.framework; path = System/Library/Frameworks/QuartzCore.framework; sourceTree = SDKROOT; };
		63F2E7951EF413B90005CA05 /* background.png */ = {isa = PBXFileReference; lastKnownFileType = image.png; name = background.png; path = ../resources/background.png; sourceTree = "<group>"; };
		63F2E7961EF413B90005CA05 /* boat.png */ = {isa = PBXFileReference; lastKnownFileType = image.png; name = boat.png; path = ../resources/boat.png; sourceTree = "<group>"; };
		63F2E7971EF413B90005CA05 /* parachutist.png */ = {isa = PBXFileReference; lastKnownFileType = image.png; name = parachutist.png; path = ../resources/parachutist.png; sourceTree = "<group>"; };
		63F2E7981EF413B90005CA05 /* plane.png */ = {isa = PBXFileReference; lastKnownFileType = image.png; name = plane.png; path = ../resources/plane.png; sourceTree = "<group>"; };
		63F2E7991EF413B90005CA05 /* sea.png */ = {isa = PBXFileReference; lastKnownFileType = image.png; name = sea.png; path = ../resources/sea.png; sourceTree = "<group>"; };
		63F2E7A71EF41E4B0005CA05 /* ParatrooperView.h */ = {isa = PBXFileReference; fileEncoding = 4; lastKnownFileType = sourcecode.c.h; path = ParatrooperView.h; sourceTree = "<group>"; };
		63F2E7A81EF41E4B0005CA05 /* ParatrooperView.m */ = {isa = PBXFileReference; fileEncoding = 4; lastKnownFileType = sourcecode.c.objc; path = ParatrooperView.m; sourceTree = "<group>"; };
		63F2E7AA1EF421800005CA05 /* BoatView.h */ = {isa = PBXFileReference; fileEncoding = 4; lastKnownFileType = sourcecode.c.h; path = BoatView.h; sourceTree = "<group>"; };
		63F2E7AB1EF421800005CA05 /* BoatView.m */ = {isa = PBXFileReference; fileEncoding = 4; lastKnownFileType = sourcecode.c.objc; path = BoatView.m; sourceTree = "<group>"; };
		63F2E7AD1EF4253E0005CA05 /* View.h */ = {isa = PBXFileReference; fileEncoding = 4; lastKnownFileType = sourcecode.c.h; path = View.h; sourceTree = "<group>"; };
		63F2E7AE1EF4253E0005CA05 /* View.m */ = {isa = PBXFileReference; fileEncoding = 4; lastKnownFileType = sourcecode.c.objc; path = View.m; sourceTree = "<group>"; };
		63F2E7B01EF536EB0005CA05 /* PlaneView.h */ = {isa = PBXFileReference; fileEncoding = 4; lastKnownFileType = sourcecode.c.h; path = PlaneView.h; sourceTree = "<group>"; };
		63F2E7B11EF536EB0005CA05 /* PlaneView.m */ = {isa = PBXFileReference; fileEncoding = 4; lastKnownFileType = sourcecode.c.objc; path = PlaneView.m; sourceTree = "<group>"; };
/* End PBXFileReference section */

/* Begin PBXFrameworksBuildPhase section */
		63F2E76C1EF412240005CA05 /* Frameworks */ = {
			isa = PBXFrameworksBuildPhase;
			buildActionMask = 2147483647;
			files = (
				63F2E7911EF412A00005CA05 /* Foundation.framework in Frameworks */,
				63F2E78F1EF4127D0005CA05 /* UIKit.framework in Frameworks */,
				63F2E78D1EF412650005CA05 /* CoreGraphics.framework in Frameworks */,
				63F2E78B1EF412520005CA05 /* CoreMotion.framework in Frameworks */,
			);
			runOnlyForDeploymentPostprocessing = 0;
		};
/* End PBXFrameworksBuildPhase section */

/* Begin PBXGroup section */
		63F2E7661EF412240005CA05 = {
			isa = PBXGroup;
			children = (
				63F2E7941EF413350005CA05 /* Resources */,
				63F2E7711EF412240005CA05 /* Paratrooper */,
				63F2E7701EF412240005CA05 /* Products */,
				63F2E7891EF412520005CA05 /* Frameworks */,
			);
			sourceTree = "<group>";
		};
		63F2E7701EF412240005CA05 /* Products */ = {
			isa = PBXGroup;
			children = (
				63F2E76F1EF412240005CA05 /* Paratrooper.app */,
			);
			name = Products;
			sourceTree = "<group>";
		};
		63F2E7711EF412240005CA05 /* Paratrooper */ = {
			isa = PBXGroup;
			children = (
				63F2E7A11EF413F70005CA05 /* Controller */,
				63F2E7A01EF413EE0005CA05 /* View */,
				63F2E79F1EF413DF0005CA05 /* Model */,
				63F2E7751EF412240005CA05 /* AppDelegate.h */,
				63F2E7761EF412240005CA05 /* AppDelegate.m */,
				63F2E77B1EF412240005CA05 /* Main.storyboard */,
				63F2E77E1EF412240005CA05 /* Assets.xcassets */,
				63F2E7801EF412240005CA05 /* LaunchScreen.storyboard */,
				63F2E7831EF412240005CA05 /* Info.plist */,
				63F2E7721EF412240005CA05 /* Supporting Files */,
			);
			path = Paratrooper;
			sourceTree = "<group>";
		};
		63F2E7721EF412240005CA05 /* Supporting Files */ = {
			isa = PBXGroup;
			children = (
				63F2E7731EF412240005CA05 /* main.m */,
			);
			name = "Supporting Files";
			sourceTree = "<group>";
		};
		63F2E7891EF412520005CA05 /* Frameworks */ = {
			isa = PBXGroup;
			children = (
				63F2E7921EF412B20005CA05 /* QuartzCore.framework */,
				63F2E7901EF412A00005CA05 /* Foundation.framework */,
				63F2E78E1EF4127D0005CA05 /* UIKit.framework */,
				63F2E78C1EF412650005CA05 /* CoreGraphics.framework */,
				63F2E78A1EF412520005CA05 /* CoreMotion.framework */,
			);
			name = Frameworks;
			sourceTree = "<group>";
		};
		63F2E7941EF413350005CA05 /* Resources */ = {
			isa = PBXGroup;
			children = (
				63F2E7951EF413B90005CA05 /* background.png */,
				63F2E7961EF413B90005CA05 /* boat.png */,
				63F2E7971EF413B90005CA05 /* parachutist.png */,
				63F2E7981EF413B90005CA05 /* plane.png */,
				63F2E7991EF413B90005CA05 /* sea.png */,
			);
			name = Resources;
			sourceTree = "<group>";
		};
		63F2E79F1EF413DF0005CA05 /* Model */ = {
			isa = PBXGroup;
			children = (
			);
			name = Model;
			sourceTree = "<group>";
		};
		63F2E7A01EF413EE0005CA05 /* View */ = {
			isa = PBXGroup;
			children = (
				63F2E7AA1EF421800005CA05 /* BoatView.h */,
				63F2E7AB1EF421800005CA05 /* BoatView.m */,
				63F2E7A71EF41E4B0005CA05 /* ParatrooperView.h */,
				63F2E7A81EF41E4B0005CA05 /* ParatrooperView.m */,
				63F2E7B01EF536EB0005CA05 /* PlaneView.h */,
				63F2E7B11EF536EB0005CA05 /* PlaneView.m */,
				63F2E7AD1EF4253E0005CA05 /* View.h */,
				63F2E7AE1EF4253E0005CA05 /* View.m */,
			);
			name = View;
			sourceTree = "<group>";
		};
		63F2E7A11EF413F70005CA05 /* Controller */ = {
			isa = PBXGroup;
			children = (
				63F2E7781EF412240005CA05 /* ViewController.h */,
				63F2E7791EF412240005CA05 /* ViewController.m */,
			);
			name = Controller;
			sourceTree = "<group>";
		};
/* End PBXGroup section */

/* Begin PBXNativeTarget section */
		63F2E76E1EF412240005CA05 /* Paratrooper */ = {
			isa = PBXNativeTarget;
			buildConfigurationList = 63F2E7861EF412240005CA05 /* Build configuration list for PBXNativeTarget "Paratrooper" */;
			buildPhases = (
				63F2E76B1EF412240005CA05 /* Sources */,
				63F2E76C1EF412240005CA05 /* Frameworks */,
				63F2E76D1EF412240005CA05 /* Resources */,
			);
			buildRules = (
			);
			dependencies = (
			);
			name = Paratrooper;
			productName = Paratrooper;
			productReference = 63F2E76F1EF412240005CA05 /* Paratrooper.app */;
			productType = "com.apple.product-type.application";
		};
/* End PBXNativeTarget section */

/* Begin PBXProject section */
		63F2E7671EF412240005CA05 /* Project object */ = {
			isa = PBXProject;
			attributes = {
				LastUpgradeCheck = 0830;
				ORGANIZATIONNAME = "David Ltd";
				TargetAttributes = {
					63F2E76E1EF412240005CA05 = {
						CreatedOnToolsVersion = 8.3.3;
						ProvisioningStyle = Automatic;
					};
				};
			};
			buildConfigurationList = 63F2E76A1EF412240005CA05 /* Build configuration list for PBXProject "Paratrooper" */;
			compatibilityVersion = "Xcode 3.2";
			developmentRegion = English;
			hasScannedForEncodings = 0;
			knownRegions = (
				en,
				Base,
			);
			mainGroup = 63F2E7661EF412240005CA05;
			productRefGroup = 63F2E7701EF412240005CA05 /* Products */;
			projectDirPath = "";
			projectRoot = "";
			targets = (
				63F2E76E1EF412240005CA05 /* Paratrooper */,
			);
		};
/* End PBXProject section */

/* Begin PBXResourcesBuildPhase section */
		63F2E76D1EF412240005CA05 /* Resources */ = {
			isa = PBXResourcesBuildPhase;
			buildActionMask = 2147483647;
			files = (
				63F2E7821EF412240005CA05 /* LaunchScreen.storyboard in Resources */,
				63F2E79B1EF413B90005CA05 /* boat.png in Resources */,
				63F2E79A1EF413B90005CA05 /* background.png in Resources */,
				63F2E79E1EF413B90005CA05 /* sea.png in Resources */,
				63F2E77F1EF412240005CA05 /* Assets.xcassets in Resources */,
				63F2E79C1EF413B90005CA05 /* parachutist.png in Resources */,
				63F2E79D1EF413B90005CA05 /* plane.png in Resources */,
				63F2E77D1EF412240005CA05 /* Main.storyboard in Resources */,
			);
			runOnlyForDeploymentPostprocessing = 0;
		};
/* End PBXResourcesBuildPhase section */

/* Begin PBXSourcesBuildPhase section */
		63F2E76B1EF412240005CA05 /* Sources */ = {
			isa = PBXSourcesBuildPhase;
			buildActionMask = 2147483647;
			files = (
				63F2E77A1EF412240005CA05 /* ViewController.m in Sources */,
				63F2E7B21EF536EB0005CA05 /* PlaneView.m in Sources */,
				63F2E7AC1EF421800005CA05 /* BoatView.m in Sources */,
				63F2E7AF1EF4253E0005CA05 /* View.m in Sources */,
				63F2E7771EF412240005CA05 /* AppDelegate.m in Sources */,
				63F2E7741EF412240005CA05 /* main.m in Sources */,
				63F2E7A91EF41E4B0005CA05 /* ParatrooperView.m in Sources */,
			);
			runOnlyForDeploymentPostprocessing = 0;
		};
/* End PBXSourcesBuildPhase section */

/* Begin PBXVariantGroup section */
		63F2E77B1EF412240005CA05 /* Main.storyboard */ = {
			isa = PBXVariantGroup;
			children = (
				63F2E77C1EF412240005CA05 /* Base */,
			);
			name = Main.storyboard;
			sourceTree = "<group>";
		};
		63F2E7801EF412240005CA05 /* LaunchScreen.storyboard */ = {
			isa = PBXVariantGroup;
			children = (
				63F2E7811EF412240005CA05 /* Base */,
			);
			name = LaunchScreen.storyboard;
			sourceTree = "<group>";
		};
/* End PBXVariantGroup section */

/* Begin XCBuildConfiguration section */
		63F2E7841EF412240005CA05 /* Debug */ = {
			isa = XCBuildConfiguration;
			buildSettings = {
				ALWAYS_SEARCH_USER_PATHS = NO;
				CLANG_ANALYZER_NONNULL = YES;
				CLANG_ANALYZER_NUMBER_OBJECT_CONVERSION = YES_AGGRESSIVE;
				CLANG_CXX_LANGUAGE_STANDARD = "gnu++0x";
				CLANG_CXX_LIBRARY = "libc++";
				CLANG_ENABLE_MODULES = YES;
				CLANG_ENABLE_OBJC_ARC = YES;
				CLANG_WARN_BOOL_CONVERSION = YES;
				CLANG_WARN_CONSTANT_CONVERSION = YES;
				CLANG_WARN_DIRECT_OBJC_ISA_USAGE = YES_ERROR;
				CLANG_WARN_DOCUMENTATION_COMMENTS = YES;
				CLANG_WARN_EMPTY_BODY = YES;
				CLANG_WARN_ENUM_CONVERSION = YES;
				CLANG_WARN_INFINITE_RECURSION = YES;
				CLANG_WARN_INT_CONVERSION = YES;
				CLANG_WARN_OBJC_ROOT_CLASS = YES_ERROR;
				CLANG_WARN_SUSPICIOUS_MOVE = YES;
				CLANG_WARN_UNREACHABLE_CODE = YES;
				CLANG_WARN__DUPLICATE_METHOD_MATCH = YES;
				"CODE_SIGN_IDENTITY[sdk=iphoneos*]" = "iPhone Developer";
				COPY_PHASE_STRIP = NO;
				DEBUG_INFORMATION_FORMAT = dwarf;
				ENABLE_STRICT_OBJC_MSGSEND = YES;
				ENABLE_TESTABILITY = YES;
				GCC_C_LANGUAGE_STANDARD = gnu99;
				GCC_DYNAMIC_NO_PIC = NO;
				GCC_NO_COMMON_BLOCKS = YES;
				GCC_OPTIMIZATION_LEVEL = 0;
				GCC_PREPROCESSOR_DEFINITIONS = (
					"DEBUG=1",
					"$(inherited)",
				);
				GCC_WARN_64_TO_32_BIT_CONVERSION = YES;
				GCC_WARN_ABOUT_RETURN_TYPE = YES_ERROR;
				GCC_WARN_UNDECLARED_SELECTOR = YES;
				GCC_WARN_UNINITIALIZED_AUTOS = YES_AGGRESSIVE;
				GCC_WARN_UNUSED_FUNCTION = YES;
				GCC_WARN_UNUSED_VARIABLE = YES;
				IPHONEOS_DEPLOYMENT_TARGET = 10.3;
				MTL_ENABLE_DEBUG_INFO = YES;
				ONLY_ACTIVE_ARCH = YES;
				SDKROOT = iphoneos;
				TARGETED_DEVICE_FAMILY = "1,2";
			};
			name = Debug;
		};
		63F2E7851EF412240005CA05 /* Release */ = {
			isa = XCBuildConfiguration;
			buildSettings = {
				ALWAYS_SEARCH_USER_PATHS = NO;
				CLANG_ANALYZER_NONNULL = YES;
				CLANG_ANALYZER_NUMBER_OBJECT_CONVERSION = YES_AGGRESSIVE;
				CLANG_CXX_LANGUAGE_STANDARD = "gnu++0x";
				CLANG_CXX_LIBRARY = "libc++";
				CLANG_ENABLE_MODULES = YES;
				CLANG_ENABLE_OBJC_ARC = YES;
				CLANG_WARN_BOOL_CONVERSION = YES;
				CLANG_WARN_CONSTANT_CONVERSION = YES;
				CLANG_WARN_DIRECT_OBJC_ISA_USAGE = YES_ERROR;
				CLANG_WARN_DOCUMENTATION_COMMENTS = YES;
				CLANG_WARN_EMPTY_BODY = YES;
				CLANG_WARN_ENUM_CONVERSION = YES;
				CLANG_WARN_INFINITE_RECURSION = YES;
				CLANG_WARN_INT_CONVERSION = YES;
				CLANG_WARN_OBJC_ROOT_CLASS = YES_ERROR;
				CLANG_WARN_SUSPICIOUS_MOVE = YES;
				CLANG_WARN_UNREACHABLE_CODE = YES;
				CLANG_WARN__DUPLICATE_METHOD_MATCH = YES;
				"CODE_SIGN_IDENTITY[sdk=iphoneos*]" = "iPhone Developer";
				COPY_PHASE_STRIP = NO;
				DEBUG_INFORMATION_FORMAT = "dwarf-with-dsym";
				ENABLE_NS_ASSERTIONS = NO;
				ENABLE_STRICT_OBJC_MSGSEND = YES;
				GCC_C_LANGUAGE_STANDARD = gnu99;
				GCC_NO_COMMON_BLOCKS = YES;
				GCC_WARN_64_TO_32_BIT_CONVERSION = YES;
				GCC_WARN_ABOUT_RETURN_TYPE = YES_ERROR;
				GCC_WARN_UNDECLARED_SELECTOR = YES;
				GCC_WARN_UNINITIALIZED_AUTOS = YES_AGGRESSIVE;
				GCC_WARN_UNUSED_FUNCTION = YES;
				GCC_WARN_UNUSED_VARIABLE = YES;
				IPHONEOS_DEPLOYMENT_TARGET = 10.3;
				MTL_ENABLE_DEBUG_INFO = NO;
				SDKROOT = iphoneos;
				TARGETED_DEVICE_FAMILY = "1,2";
				VALIDATE_PRODUCT = YES;
			};
			name = Release;
		};
		63F2E7871EF412240005CA05 /* Debug */ = {
			isa = XCBuildConfiguration;
			buildSettings = {
				ASSETCATALOG_COMPILER_APPICON_NAME = AppIcon;
				INFOPLIST_FILE = Paratrooper/Info.plist;
				LD_RUNPATH_SEARCH_PATHS = "$(inherited) @executable_path/Frameworks";
				PRODUCT_BUNDLE_IDENTIFIER = com.david.Paratrooper;
				PRODUCT_NAME = "$(TARGET_NAME)";
			};
			name = Debug;
		};
		63F2E7881EF412240005CA05 /* Release */ = {
			isa = XCBuildConfiguration;
			buildSettings = {
				ASSETCATALOG_COMPILER_APPICON_NAME = AppIcon;
				INFOPLIST_FILE = Paratrooper/Info.plist;
				LD_RUNPATH_SEARCH_PATHS = "$(inherited) @executable_path/Frameworks";
				PRODUCT_BUNDLE_IDENTIFIER = com.david.Paratrooper;
				PRODUCT_NAME = "$(TARGET_NAME)";
			};
			name = Release;
		};
/* End XCBuildConfiguration section */

/* Begin XCConfigurationList section */
		63F2E76A1EF412240005CA05 /* Build configuration list for PBXProject "Paratrooper" */ = {
			isa = XCConfigurationList;
			buildConfigurations = (
				63F2E7841EF412240005CA05 /* Debug */,
				63F2E7851EF412240005CA05 /* Release */,
			);
			defaultConfigurationIsVisible = 0;
			defaultConfigurationName = Release;
		};
		63F2E7861EF412240005CA05 /* Build configuration list for PBXNativeTarget "Paratrooper" */ = {
			isa = XCConfigurationList;
			buildConfigurations = (
				63F2E7871EF412240005CA05 /* Debug */,
				63F2E7881EF412240005CA05 /* Release */,
			);
			defaultConfigurationIsVisible = 0;
		};
/* End XCConfigurationList section */
	};
	rootObject = 63F2E7671EF412240005CA05 /* Project object */;
}
